
Microsoft Visual Studio Solution File, Format Version 12.00
# Visual Studio 14
VisualStudioVersion = 14.0.25123.0
MinimumVisualStudioVersion = 10.0.40219.1
Project("{FAE04EC0-301F-11D3-BF4B-00C04F79EFBC}") = "GhostRiderWebApi", "GhostRiderWebApi\GhostRiderWebApi.csproj", "{A9AD6951-29D0-4753-8ABC-5B1EE1703B6E}"
EndProject
Project("{FAE04EC0-301F-11D3-BF4B-00C04F79EFBC}") = "SimpleRest", "..\SimpleRest\SimpleRest\SimpleRest.csproj", "{32348D0E-BFED-40EA-B0B3-208A7F932A28}"
EndProject
Project("{FAE04EC0-301F-11D3-BF4B-00C04F79EFBC}") = "GhostRider.Domain", "GhostRider.Domain\GhostRider.Domain.csproj", "{CE701084-42EC-48E2-B97D-EA397D60EF79}"
EndProject
Project("{2150E333-8FDC-42A3-9474-1A3956D46DE8}") = "Solution Items", "Solution Items", "{8A89DB85-8AE2-4E12-A1B7-4B55C27081A7}"
	ProjectSection(SolutionItems) = preProject
		Notes.txt = Notes.txt
	EndProjectSection
EndProject
Project("{FAE04EC0-301F-11D3-BF4B-00C04F79EFBC}") = "GhostRider", "GhostRider\GhostRider.csproj", "{8C7C7C8B-0936-474E-85F4-810B6A3FC478}"
EndProject
Project("{FAE04EC0-301F-11D3-BF4B-00C04F79EFBC}") = "GhostRiderVoice", "GhostRiderVoice\GhostRiderVoice.csproj", "{6473AF93-4C90-4938-8B59-67C38388C1BC}"
EndProject
Project("{FAE04EC0-301F-11D3-BF4B-00C04F79EFBC}") = "HttpLib", "HttpLib\HttpLib.csproj", "{5A4C8A7E-21C1-4894-A3F9-9DB3BC71530D}"
EndProject
Global
	GlobalSection(SolutionConfigurationPlatforms) = preSolution
		Debug|Any CPU = Debug|Any CPU
		Debug|ARM = Debug|ARM
		Debug|x64 = Debug|x64
		Debug|x86 = Debug|x86
		Release|Any CPU = Release|Any CPU
		Release|ARM = Release|ARM
		Release|x64 = Release|x64
		Release|x86 = Release|x86
	EndGlobalSection
	GlobalSection(ProjectConfigurationPlatforms) = postSolution
		{A9AD6951-29D0-4753-8ABC-5B1EE1703B6E}.Debug|Any CPU.ActiveCfg = Debug|Any CPU
		{A9AD6951-29D0-4753-8ABC-5B1EE1703B6E}.Debug|Any CPU.Build.0 = Debug|Any CPU
		{A9AD6951-29D0-4753-8ABC-5B1EE1703B6E}.Debug|ARM.ActiveCfg = Debug|Any CPU
		{A9AD6951-29D0-4753-8ABC-5B1EE1703B6E}.Debug|ARM.Build.0 = Debug|Any CPU
		{A9AD6951-29D0-4753-8ABC-5B1EE1703B6E}.Debug|x64.ActiveCfg = Debug|Any CPU
		{A9AD6951-29D0-4753-8ABC-5B1EE1703B6E}.Debug|x64.Build.0 = Debug|Any CPU
		{A9AD6951-29D0-4753-8ABC-5B1EE1703B6E}.Debug|x86.ActiveCfg = Debug|Any CPU
		{A9AD6951-29D0-4753-8ABC-5B1EE1703B6E}.Debug|x86.Build.0 = Debug|Any CPU
		{A9AD6951-29D0-4753-8ABC-5B1EE1703B6E}.Release|Any CPU.ActiveCfg = Release|Any CPU
		{A9AD6951-29D0-4753-8ABC-5B1EE1703B6E}.Release|Any CPU.Build.0 = Release|Any CPU
		{A9AD6951-29D0-4753-8ABC-5B1EE1703B6E}.Release|ARM.ActiveCfg = Release|Any CPU
		{A9AD6951-29D0-4753-8ABC-5B1EE1703B6E}.Release|ARM.Build.0 = Release|Any CPU
		{A9AD6951-29D0-4753-8ABC-5B1EE1703B6E}.Release|x64.ActiveCfg = Release|Any CPU
		{A9AD6951-29D0-4753-8ABC-5B1EE1703B6E}.Release|x64.Build.0 = Release|Any CPU
		{A9AD6951-29D0-4753-8ABC-5B1EE1703B6E}.Release|x86.ActiveCfg = Release|Any CPU
		{A9AD6951-29D0-4753-8ABC-5B1EE1703B6E}.Release|x86.Build.0 = Release|Any CPU
		{32348D0E-BFED-40EA-B0B3-208A7F932A28}.Debug|Any CPU.ActiveCfg = Debug|Any CPU
		{32348D0E-BFED-40EA-B0B3-208A7F932A28}.Debug|Any CPU.Build.0 = Debug|Any CPU
		{32348D0E-BFED-40EA-B0B3-208A7F932A28}.Debug|ARM.ActiveCfg = Debug|ARM
		{32348D0E-BFED-40EA-B0B3-208A7F932A28}.Debug|ARM.Build.0 = Debug|ARM
		{32348D0E-BFED-40EA-B0B3-208A7F932A28}.Debug|x64.ActiveCfg = Debug|x64
		{32348D0E-BFED-40EA-B0B3-208A7F932A28}.Debug|x64.Build.0 = Debug|x64
		{32348D0E-BFED-40EA-B0B3-208A7F932A28}.Debug|x86.ActiveCfg = Debug|x86
		{32348D0E-BFED-40EA-B0B3-208A7F932A28}.Debug|x86.Build.0 = Debug|x86
		{32348D0E-BFED-40EA-B0B3-208A7F932A28}.Release|Any CPU.ActiveCfg = Release|Any CPU
		{32348D0E-BFED-40EA-B0B3-208A7F932A28}.Release|Any CPU.Build.0 = Release|Any CPU
		{32348D0E-BFED-40EA-B0B3-208A7F932A28}.Release|ARM.ActiveCfg = Release|ARM
		{32348D0E-BFED-40EA-B0B3-208A7F932A28}.Release|ARM.Build.0 = Release|ARM
		{32348D0E-BFED-40EA-B0B3-208A7F932A28}.Release|x64.ActiveCfg = Release|x64
		{32348D0E-BFED-40EA-B0B3-208A7F932A28}.Release|x64.Build.0 = Release|x64
		{32348D0E-BFED-40EA-B0B3-208A7F932A28}.Release|x86.ActiveCfg = Release|x86
		{32348D0E-BFED-40EA-B0B3-208A7F932A28}.Release|x86.Build.0 = Release|x86
		{CE701084-42EC-48E2-B97D-EA397D60EF79}.Debug|Any CPU.ActiveCfg = Debug|Any CPU
		{CE701084-42EC-48E2-B97D-EA397D60EF79}.Debug|Any CPU.Build.0 = Debug|Any CPU
		{CE701084-42EC-48E2-B97D-EA397D60EF79}.Debug|ARM.ActiveCfg = Debug|Any CPU
		{CE701084-42EC-48E2-B97D-EA397D60EF79}.Debug|ARM.Build.0 = Debug|Any CPU
		{CE701084-42EC-48E2-B97D-EA397D60EF79}.Debug|x64.ActiveCfg = Debug|Any CPU
		{CE701084-42EC-48E2-B97D-EA397D60EF79}.Debug|x64.Build.0 = Debug|Any CPU
		{CE701084-42EC-48E2-B97D-EA397D60EF79}.Debug|x86.ActiveCfg = Debug|Any CPU
		{CE701084-42EC-48E2-B97D-EA397D60EF79}.Debug|x86.Build.0 = Debug|Any CPU
		{CE701084-42EC-48E2-B97D-EA397D60EF79}.Release|Any CPU.ActiveCfg = Release|Any CPU
		{CE701084-42EC-48E2-B97D-EA397D60EF79}.Release|Any CPU.Build.0 = Release|Any CPU
		{CE701084-42EC-48E2-B97D-EA397D60EF79}.Release|ARM.ActiveCfg = Release|Any CPU
		{CE701084-42EC-48E2-B97D-EA397D60EF79}.Release|ARM.Build.0 = Release|Any CPU
		{CE701084-42EC-48E2-B97D-EA397D60EF79}.Release|x64.ActiveCfg = Release|Any CPU
		{CE701084-42EC-48E2-B97D-EA397D60EF79}.Release|x64.Build.0 = Release|Any CPU
		{CE701084-42EC-48E2-B97D-EA397D60EF79}.Release|x86.ActiveCfg = Release|Any CPU
		{CE701084-42EC-48E2-B97D-EA397D60EF79}.Release|x86.Build.0 = Release|Any CPU
		{8C7C7C8B-0936-474E-85F4-810B6A3FC478}.Debug|Any CPU.ActiveCfg = Debug|x86
		{8C7C7C8B-0936-474E-85F4-810B6A3FC478}.Debug|Any CPU.Build.0 = Debug|x86
		{8C7C7C8B-0936-474E-85F4-810B6A3FC478}.Debug|Any CPU.Deploy.0 = Debug|x86
		{8C7C7C8B-0936-474E-85F4-810B6A3FC478}.Debug|ARM.ActiveCfg = Debug|ARM
		{8C7C7C8B-0936-474E-85F4-810B6A3FC478}.Debug|ARM.Build.0 = Debug|ARM
		{8C7C7C8B-0936-474E-85F4-810B6A3FC478}.Debug|ARM.Deploy.0 = Debug|ARM
		{8C7C7C8B-0936-474E-85F4-810B6A3FC478}.Debug|x64.ActiveCfg = Debug|x64
		{8C7C7C8B-0936-474E-85F4-810B6A3FC478}.Debug|x64.Build.0 = Debug|x64
		{8C7C7C8B-0936-474E-85F4-810B6A3FC478}.Debug|x64.Deploy.0 = Debug|x64
		{8C7C7C8B-0936-474E-85F4-810B6A3FC478}.Debug|x86.ActiveCfg = Debug|x86
		{8C7C7C8B-0936-474E-85F4-810B6A3FC478}.Debug|x86.Build.0 = Debug|x86
		{8C7C7C8B-0936-474E-85F4-810B6A3FC478}.Debug|x86.Deploy.0 = Debug|x86
		{8C7C7C8B-0936-474E-85F4-810B6A3FC478}.Release|Any CPU.ActiveCfg = Release|x86
		{8C7C7C8B-0936-474E-85F4-810B6A3FC478}.Release|ARM.ActiveCfg = Release|ARM
		{8C7C7C8B-0936-474E-85F4-810B6A3FC478}.Release|ARM.Build.0 = Release|ARM
		{8C7C7C8B-0936-474E-85F4-810B6A3FC478}.Release|ARM.Deploy.0 = Release|ARM
		{8C7C7C8B-0936-474E-85F4-810B6A3FC478}.Release|x64.ActiveCfg = Release|x64
		{8C7C7C8B-0936-474E-85F4-810B6A3FC478}.Release|x64.Build.0 = Release|x64
		{8C7C7C8B-0936-474E-85F4-810B6A3FC478}.Release|x64.Deploy.0 = Release|x64
		{8C7C7C8B-0936-474E-85F4-810B6A3FC478}.Release|x86.ActiveCfg = Release|x86
		{8C7C7C8B-0936-474E-85F4-810B6A3FC478}.Release|x86.Build.0 = Release|x86
		{8C7C7C8B-0936-474E-85F4-810B6A3FC478}.Release|x86.Deploy.0 = Release|x86
		{6473AF93-4C90-4938-8B59-67C38388C1BC}.Debug|Any CPU.ActiveCfg = Debug|Any CPU
		{6473AF93-4C90-4938-8B59-67C38388C1BC}.Debug|Any CPU.Build.0 = Debug|Any CPU
		{6473AF93-4C90-4938-8B59-67C38388C1BC}.Debug|ARM.ActiveCfg = Debug|ARM
		{6473AF93-4C90-4938-8B59-67C38388C1BC}.Debug|ARM.Build.0 = Debug|ARM
		{6473AF93-4C90-4938-8B59-67C38388C1BC}.Debug|x64.ActiveCfg = Debug|x64
		{6473AF93-4C90-4938-8B59-67C38388C1BC}.Debug|x64.Build.0 = Debug|x64
		{6473AF93-4C90-4938-8B59-67C38388C1BC}.Debug|x86.ActiveCfg = Debug|x86
		{6473AF93-4C90-4938-8B59-67C38388C1BC}.Debug|x86.Build.0 = Debug|x86
		{6473AF93-4C90-4938-8B59-67C38388C1BC}.Release|Any CPU.ActiveCfg = Release|Any CPU
		{6473AF93-4C90-4938-8B59-67C38388C1BC}.Release|Any CPU.Build.0 = Release|Any CPU
		{6473AF93-4C90-4938-8B59-67C38388C1BC}.Release|ARM.ActiveCfg = Release|ARM
		{6473AF93-4C90-4938-8B59-67C38388C1BC}.Release|ARM.Build.0 = Release|ARM
		{6473AF93-4C90-4938-8B59-67C38388C1BC}.Release|x64.ActiveCfg = Release|x64
		{6473AF93-4C90-4938-8B59-67C38388C1BC}.Release|x64.Build.0 = Release|x64
		{6473AF93-4C90-4938-8B59-67C38388C1BC}.Release|x86.ActiveCfg = Release|x86
		{6473AF93-4C90-4938-8B59-67C38388C1BC}.Release|x86.Build.0 = Release|x86
		{5A4C8A7E-21C1-4894-A3F9-9DB3BC71530D}.Debug|Any CPU.ActiveCfg = Debug|Any CPU
		{5A4C8A7E-21C1-4894-A3F9-9DB3BC71530D}.Debug|Any CPU.Build.0 = Debug|Any CPU
		{5A4C8A7E-21C1-4894-A3F9-9DB3BC71530D}.Debug|ARM.ActiveCfg = Debug|ARM
		{5A4C8A7E-21C1-4894-A3F9-9DB3BC71530D}.Debug|ARM.Build.0 = Debug|ARM
		{5A4C8A7E-21C1-4894-A3F9-9DB3BC71530D}.Debug|x64.ActiveCfg = Debug|x64
		{5A4C8A7E-21C1-4894-A3F9-9DB3BC71530D}.Debug|x64.Build.0 = Debug|x64
		{5A4C8A7E-21C1-4894-A3F9-9DB3BC71530D}.Debug|x86.ActiveCfg = Debug|x86
		{5A4C8A7E-21C1-4894-A3F9-9DB3BC71530D}.Debug|x86.Build.0 = Debug|x86
		{5A4C8A7E-21C1-4894-A3F9-9DB3BC71530D}.Release|Any CPU.ActiveCfg = Release|Any CPU
		{5A4C8A7E-21C1-4894-A3F9-9DB3BC71530D}.Release|Any CPU.Build.0 = Release|Any CPU
		{5A4C8A7E-21C1-4894-A3F9-9DB3BC71530D}.Release|ARM.ActiveCfg = Release|ARM
		{5A4C8A7E-21C1-4894-A3F9-9DB3BC71530D}.Release|ARM.Build.0 = Release|ARM
		{5A4C8A7E-21C1-4894-A3F9-9DB3BC71530D}.Release|x64.ActiveCfg = Release|x64
		{5A4C8A7E-21C1-4894-A3F9-9DB3BC71530D}.Release|x64.Build.0 = Release|x64
		{5A4C8A7E-21C1-4894-A3F9-9DB3BC71530D}.Release|x86.ActiveCfg = Release|x86
		{5A4C8A7E-21C1-4894-A3F9-9DB3BC71530D}.Release|x86.Build.0 = Release|x86
	EndGlobalSection
	GlobalSection(SolutionProperties) = preSolution
		HideSolutionNode = FALSE
	EndGlobalSection
EndGlobal
